// !$*UTF8*$!
{
	archiveVersion = 1;
	classes = {
	};
	objectVersion = 46;
	objects = {

/* Begin PBXBuildFile section */
		C4BA9EA71CC5FEB700127A19 /* AppDelegate.swift in Sources */ = {isa = PBXBuildFile; fileRef = C4BA9EA61CC5FEB700127A19 /* AppDelegate.swift */; };
		C4BA9EA91CC5FEB700127A19 /* ViewController.swift in Sources */ = {isa = PBXBuildFile; fileRef = C4BA9EA81CC5FEB700127A19 /* ViewController.swift */; };
		C4BA9EAC1CC5FEB700127A19 /* Main.storyboard in Resources */ = {isa = PBXBuildFile; fileRef = C4BA9EAA1CC5FEB700127A19 /* Main.storyboard */; };
		C4BA9EAE1CC5FEB700127A19 /* Assets.xcassets in Resources */ = {isa = PBXBuildFile; fileRef = C4BA9EAD1CC5FEB700127A19 /* Assets.xcassets */; };
		C4BA9EB11CC5FEB700127A19 /* LaunchScreen.storyboard in Resources */ = {isa = PBXBuildFile; fileRef = C4BA9EAF1CC5FEB700127A19 /* LaunchScreen.storyboard */; };
		C4BA9EBC1CC5FEB700127A19 /* Demo1Tests.swift in Sources */ = {isa = PBXBuildFile; fileRef = C4BA9EBB1CC5FEB700127A19 /* Demo1Tests.swift */; };
		C4BA9EC71CC5FEB700127A19 /* Demo1UITests.swift in Sources */ = {isa = PBXBuildFile; fileRef = C4BA9EC61CC5FEB700127A19 /* Demo1UITests.swift */; };
		C4BA9F561CC654F200127A19 /* 1.jpg in Resources */ = {isa = PBXBuildFile; fileRef = C4BA9F551CC654F200127A19 /* 1.jpg */; };
/* End PBXBuildFile section */

/* Begin PBXContainerItemProxy section */
		C4BA9EB81CC5FEB700127A19 /* PBXContainerItemProxy */ = {
			isa = PBXContainerItemProxy;
			containerPortal = C4BA9E9B1CC5FEB700127A19 /* Project object */;
			proxyType = 1;
			remoteGlobalIDString = C4BA9EA21CC5FEB700127A19;
			remoteInfo = Demo1;
		};
		C4BA9EC31CC5FEB700127A19 /* PBXContainerItemProxy */ = {
			isa = PBXContainerItemProxy;
			containerPortal = C4BA9E9B1CC5FEB700127A19 /* Project object */;
			proxyType = 1;
			remoteGlobalIDString = C4BA9EA21CC5FEB700127A19;
			remoteInfo = Demo1;
		};
/* End PBXContainerItemProxy section */

/* Begin PBXFileReference section */
		C4BA9EA31CC5FEB700127A19 /* Demo1.app */ = {isa = PBXFileReference; explicitFileType = wrapper.application; includeInIndex = 0; path = Demo1.app; sourceTree = BUILT_PRODUCTS_DIR; };
		C4BA9EA61CC5FEB700127A19 /* AppDelegate.swift */ = {isa = PBXFileReference; lastKnownFileType = sourcecode.swift; path = AppDelegate.swift; sourceTree = "<group>"; };
		C4BA9EA81CC5FEB700127A19 /* ViewController.swift */ = {isa = PBXFileReference; lastKnownFileType = sourcecode.swift; path = ViewController.swift; sourceTree = "<group>"; };
		C4BA9EAB1CC5FEB700127A19 /* Base */ = {isa = PBXFileReference; lastKnownFileType = file.storyboard; name = Base; path = Base.lproj/Main.storyboard; sourceTree = "<group>"; };
		C4BA9EAD1CC5FEB700127A19 /* Assets.xcassets */ = {isa = PBXFileReference; lastKnownFileType = folder.assetcatalog; path = Assets.xcassets; sourceTree = "<group>"; };
		C4BA9EB01CC5FEB700127A19 /* Base */ = {isa = PBXFileReference; lastKnownFileType = file.storyboard; name = Base; path = Base.lproj/LaunchScreen.storyboard; sourceTree = "<group>"; };
		C4BA9EB21CC5FEB700127A19 /* Info.plist */ = {isa = PBXFileReference; lastKnownFileType = text.plist.xml; path = Info.plist; sourceTree = "<group>"; };
		C4BA9EB71CC5FEB700127A19 /* Demo1Tests.xctest */ = {isa = PBXFileReference; explicitFileType = wrapper.cfbundle; includeInIndex = 0; path = Demo1Tests.xctest; sourceTree = BUILT_PRODUCTS_DIR; };
		C4BA9EBB1CC5FEB700127A19 /* Demo1Tests.swift */ = {isa = PBXFileReference; lastKnownFileType = sourcecode.swift; path = Demo1Tests.swift; sourceTree = "<group>"; };
		C4BA9EBD1CC5FEB700127A19 /* Info.plist */ = {isa = PBXFileReference; lastKnownFileType = text.plist.xml; path = Info.plist; sourceTree = "<group>"; };
		C4BA9EC21CC5FEB700127A19 /* Demo1UITests.xctest */ = {isa = PBXFileReference; explicitFileType = wrapper.cfbundle; includeInIndex = 0; path = Demo1UITests.xctest; sourceTree = BUILT_PRODUCTS_DIR; };
		C4BA9EC61CC5FEB700127A19 /* Demo1UITests.swift */ = {isa = PBXFileReference; lastKnownFileType = sourcecode.swift; path = Demo1UITests.swift; sourceTree = "<group>"; };
		C4BA9EC81CC5FEB700127A19 /* Info.plist */ = {isa = PBXFileReference; lastKnownFileType = text.plist.xml; path = Info.plist; sourceTree = "<group>"; };
		C4BA9F551CC654F200127A19 /* 1.jpg */ = {isa = PBXFileReference; lastKnownFileType = image.jpeg; name = 1.jpg; path = image/1.jpg; sourceTree = SOURCE_ROOT; };
/* End PBXFileReference section */

/* Begin PBXFrameworksBuildPhase section */
		C4BA9EA01CC5FEB700127A19 /* Frameworks */ = {
			isa = PBXFrameworksBuildPhase;
			buildActionMask = 2147483647;
			files = (
			);
			runOnlyForDeploymentPostprocessing = 0;
		};
		C4BA9EB41CC5FEB700127A19 /* Frameworks */ = {
			isa = PBXFrameworksBuildPhase;
			buildActionMask = 2147483647;
			files = (
			);
			runOnlyForDeploymentPostprocessing = 0;
		};
		C4BA9EBF1CC5FEB700127A19 /* Frameworks */ = {
			isa = PBXFrameworksBuildPhase;
			buildActionMask = 2147483647;
			files = (
			);
			runOnlyForDeploymentPostprocessing = 0;
		};
/* End PBXFrameworksBuildPhase section */

/* Begin PBXGroup section */
		C4BA9E9A1CC5FEB700127A19 = {
			isa = PBXGroup;
			children = (
				C4BA9EA51CC5FEB700127A19 /* Demo1 */,
				C4BA9EBA1CC5FEB700127A19 /* Demo1Tests */,
				C4BA9EC51CC5FEB700127A19 /* Demo1UITests */,
				C4BA9EA41CC5FEB700127A19 /* Products */,
			);
			sourceTree = "<group>";
		};
		C4BA9EA41CC5FEB700127A19 /* Products */ = {
			isa = PBXGroup;
			children = (
				C4BA9EA31CC5FEB700127A19 /* Demo1.app */,
				C4BA9EB71CC5FEB700127A19 /* Demo1Tests.xctest */,
				C4BA9EC21CC5FEB700127A19 /* Demo1UITests.xctest */,
			);
			name = Products;
			sourceTree = "<group>";
		};
		C4BA9EA51CC5FEB700127A19 /* Demo1 */ = {
			isa = PBXGroup;
			children = (
				C4BA9F551CC654F200127A19 /* 1.jpg */,
				C4BA9EA61CC5FEB700127A19 /* AppDelegate.swift */,
				C4BA9EA81CC5FEB700127A19 /* ViewController.swift */,
				C4BA9EAA1CC5FEB700127A19 /* Main.storyboard */,
				C4BA9EAD1CC5FEB700127A19 /* Assets.xcassets */,
				C4BA9EAF1CC5FEB700127A19 /* LaunchScreen.storyboard */,
				C4BA9EB21CC5FEB700127A19 /* Info.plist */,
			);
			path = Demo1;
			sourceTree = "<group>";
		};
		C4BA9EBA1CC5FEB700127A19 /* Demo1Tests */ = {
			isa = PBXGroup;
			children = (
				C4BA9EBB1CC5FEB700127A19 /* Demo1Tests.swift */,
				C4BA9EBD1CC5FEB700127A19 /* Info.plist */,
			);
			path = Demo1Tests;
			sourceTree = "<group>";
		};
		C4BA9EC51CC5FEB700127A19 /* Demo1UITests */ = {
			isa = PBXGroup;
			children = (
				C4BA9EC61CC5FEB700127A19 /* Demo1UITests.swift */,
				C4BA9EC81CC5FEB700127A19 /* Info.plist */,
			);
			path = Demo1UITests;
			sourceTree = "<group>";
		};
/* End PBXGroup section */

/* Begin PBXNativeTarget section */
		C4BA9EA21CC5FEB700127A19 /* Demo1 */ = {
			isa = PBXNativeTarget;
			buildConfigurationList = C4BA9ECB1CC5FEB700127A19 /* Build configuration list for PBXNativeTarget "Demo1" */;
			buildPhases = (
				C4BA9E9F1CC5FEB700127A19 /* Sources */,
				C4BA9EA01CC5FEB700127A19 /* Frameworks */,
				C4BA9EA11CC5FEB700127A19 /* Resources */,
			);
			buildRules = (
			);
			dependencies = (
			);
			name = Demo1;
			productName = Demo1;
			productReference = C4BA9EA31CC5FEB700127A19 /* Demo1.app */;
			productType = "com.apple.product-type.application";
		};
		C4BA9EB61CC5FEB700127A19 /* Demo1Tests */ = {
			isa = PBXNativeTarget;
			buildConfigurationList = C4BA9ECE1CC5FEB700127A19 /* Build configuration list for PBXNativeTarget "Demo1Tests" */;
			buildPhases = (
				C4BA9EB31CC5FEB700127A19 /* Sources */,
				C4BA9EB41CC5FEB700127A19 /* Frameworks */,
				C4BA9EB51CC5FEB700127A19 /* Resources */,
			);
			buildRules = (
			);
			dependencies = (
				C4BA9EB91CC5FEB700127A19 /* PBXTargetDependency */,
			);
			name = Demo1Tests;
			productName = Demo1Tests;
			productReference = C4BA9EB71CC5FEB700127A19 /* Demo1Tests.xctest */;
			productType = "com.apple.product-type.bundle.unit-test";
		};
		C4BA9EC11CC5FEB700127A19 /* Demo1UITests */ = {
			isa = PBXNativeTarget;
			buildConfigurationList = C4BA9ED11CC5FEB700127A19 /* Build configuration list for PBXNativeTarget "Demo1UITests" */;
			buildPhases = (
				C4BA9EBE1CC5FEB700127A19 /* Sources */,
				C4BA9EBF1CC5FEB700127A19 /* Frameworks */,
				C4BA9EC01CC5FEB700127A19 /* Resources */,
			);
			buildRules = (
			);
			dependencies = (
				C4BA9EC41CC5FEB700127A19 /* PBXTargetDependency */,
			);
			name = Demo1UITests;
			productName = Demo1UITests;
			productReference = C4BA9EC21CC5FEB700127A19 /* Demo1UITests.xctest */;
			productType = "com.apple.product-type.bundle.ui-testing";
		};
/* End PBXNativeTarget section */

/* Begin PBXProject section */
		C4BA9E9B1CC5FEB700127A19 /* Project object */ = {
			isa = PBXProject;
			attributes = {
				LastSwiftUpdateCheck = 0730;
				LastUpgradeCheck = 0730;
				ORGANIZATIONNAME = lirui;
				TargetAttributes = {
					C4BA9EA21CC5FEB700127A19 = {
						CreatedOnToolsVersion = 7.3;
						DevelopmentTeam = 4ERNHDBJN5;
					};
					C4BA9EB61CC5FEB700127A19 = {
						CreatedOnToolsVersion = 7.3;
						DevelopmentTeam = 4ERNHDBJN5;
						TestTargetID = C4BA9EA21CC5FEB700127A19;
					};
					C4BA9EC11CC5FEB700127A19 = {
						CreatedOnToolsVersion = 7.3;
						DevelopmentTeam = 4ERNHDBJN5;
						TestTargetID = C4BA9EA21CC5FEB700127A19;
					};
				};
			};
			buildConfigurationList = C4BA9E9E1CC5FEB700127A19 /* Build configuration list for PBXProject "Demo1" */;
			compatibilityVersion = "Xcode 3.2";
			developmentRegion = English;
			hasScannedForEncodings = 0;
			knownRegions = (
				en,
				Base,
			);
			mainGroup = C4BA9E9A1CC5FEB700127A19;
			productRefGroup = C4BA9EA41CC5FEB700127A19 /* Products */;
			projectDirPath = "";
			projectRoot = "";
			targets = (
				C4BA9EA21CC5FEB700127A19 /* Demo1 */,
				C4BA9EB61CC5FEB700127A19 /* Demo1Tests */,
				C4BA9EC11CC5FEB700127A19 /* Demo1UITests */,
			);
		};
/* End PBXProject section */

/* Begin PBXResourcesBuildPhase section */
		C4BA9EA11CC5FEB700127A19 /* Resources */ = {
			isa = PBXResourcesBuildPhase;
			buildActionMask = 2147483647;
			files = (
				C4BA9EB11CC5FEB700127A19 /* LaunchScreen.storyboard in Resources */,
				C4BA9F561CC654F200127A19 /* 1.jpg in Resources */,
				C4BA9EAE1CC5FEB700127A19 /* Assets.xcassets in Resources */,
				C4BA9EAC1CC5FEB700127A19 /* Main.storyboard in Resources */,
			);
			runOnlyForDeploymentPostprocessing = 0;
		};
		C4BA9EB51CC5FEB700127A19 /* Resources */ = {
			isa = PBXResourcesBuildPhase;
			buildActionMask = 2147483647;
			files = (
			);
			runOnlyForDeploymentPostprocessing = 0;
		};
		C4BA9EC01CC5FEB700127A19 /* Resources */ = {
			isa = PBXResourcesBuildPhase;
			buildActionMask = 2147483647;
			files = (
			);
			runOnlyForDeploymentPostprocessing = 0;
		};
/* End PBXResourcesBuildPhase section */

/* Begin PBXSourcesBuildPhase section */
		C4BA9E9F1CC5FEB700127A19 /* Sources */ = {
			isa = PBXSourcesBuildPhase;
			buildActionMask = 2147483647;
			files = (
				C4BA9EA91CC5FEB700127A19 /* ViewController.swift in Sources */,
				C4BA9EA71CC5FEB700127A19 /* AppDelegate.swift in Sources */,
			);
			runOnlyForDeploymentPostprocessing = 0;
		};
		C4BA9EB31CC5FEB700127A19 /* Sources */ = {
			isa = PBXSourcesBuildPhase;
			buildActionMask = 2147483647;
			files = (
				C4BA9EBC1CC5FEB700127A19 /* Demo1Tests.swift in Sources */,
			);
			runOnlyForDeploymentPostprocessing = 0;
		};
		C4BA9EBE1CC5FEB700127A19 /* Sources */ = {
			isa = PBXSourcesBuildPhase;
			buildActionMask = 2147483647;
			files = (
				C4BA9EC71CC5FEB700127A19 /* Demo1UITests.swift in Sources */,
			);
			runOnlyForDeploymentPostprocessing = 0;
		};
/* End PBXSourcesBuildPhase section */

/* Begin PBXTargetDependency section */
		C4BA9EB91CC5FEB700127A19 /* PBXTargetDependency */ = {
			isa = PBXTargetDependency;
			target = C4BA9EA21CC5FEB700127A19 /* Demo1 */;
			targetProxy = C4BA9EB81CC5FEB700127A19 /* PBXContainerItemProxy */;
		};
		C4BA9EC41CC5FEB700127A19 /* PBXTargetDependency */ = {
			isa = PBXTargetDependency;
			target = C4BA9EA21CC5FEB700127A19 /* Demo1 */;
			targetProxy = C4BA9EC31CC5FEB700127A19 /* PBXContainerItemProxy */;
		};
/* End PBXTargetDependency section */

/* Begin PBXVariantGroup section */
		C4BA9EAA1CC5FEB700127A19 /* Main.storyboard */ = {
			isa = PBXVariantGroup;
			children = (
				C4BA9EAB1CC5FEB700127A19 /* Base */,
			);
			name = Main.storyboard;
			sourceTree = "<group>";
		};
		C4BA9EAF1CC5FEB700127A19 /* LaunchScreen.storyboard */ = {
			isa = PBXVariantGroup;
			children = (
				C4BA9EB01CC5FEB700127A19 /* Base */,
			);
			name = LaunchScreen.storyboard;
			sourceTree = "<group>";
		};
/* End PBXVariantGroup section */

/* Begin XCBuildConfiguration section */
		C4BA9EC91CC5FEB700127A19 /* Debug */ = {
			isa = XCBuildConfiguration;
			buildSettings = {
				ALWAYS_SEARCH_USER_PATHS = NO;
				CLANG_ANALYZER_NONNULL = YES;
				CLANG_CXX_LANGUAGE_STANDARD = "gnu++0x";
				CLANG_CXX_LIBRARY = "libc++";
				CLANG_ENABLE_MODULES = YES;
				CLANG_ENABLE_OBJC_ARC = YES;
				CLANG_WARN_BOOL_CONVERSION = YES;
				CLANG_WARN_CONSTANT_CONVERSION = YES;
				CLANG_WARN_DIRECT_OBJC_ISA_USAGE = YES_ERROR;
				CLANG_WARN_EMPTY_BODY = YES;
				CLANG_WARN_ENUM_CONVERSION = YES;
				CLANG_WARN_INT_CONVERSION = YES;
				CLANG_WARN_OBJC_ROOT_CLASS = YES_ERROR;
				CLANG_WARN_UNREACHABLE_CODE = YES;
				CLANG_WARN__DUPLICATE_METHOD_MATCH = YES;
				"CODE_SIGN_IDENTITY[sdk=iphoneos*]" = "iPhone Developer";
				COPY_PHASE_STRIP = NO;
				DEBUG_INFORMATION_FORMAT = dwarf;
				ENABLE_STRICT_OBJC_MSGSEND = YES;
				ENABLE_TESTABILITY = YES;
				GCC_C_LANGUAGE_STANDARD = gnu99;
				GCC_DYNAMIC_NO_PIC = NO;
				GCC_NO_COMMON_BLOCKS = YES;
				GCC_OPTIMIZATION_LEVEL = 0;
				GCC_PREPROCESSOR_DEFINITIONS = (
					"DEBUG=1",
					"$(inherited)",
				);
				GCC_WARN_64_TO_32_BIT_CONVERSION = YES;
				GCC_WARN_ABOUT_RETURN_TYPE = YES_ERROR;
				GCC_WARN_UNDECLARED_SELECTOR = YES;
				GCC_WARN_UNINITIALIZED_AUTOS = YES_AGGRESSIVE;
				GCC_WARN_UNUSED_FUNCTION = YES;
				GCC_WARN_UNUSED_VARIABLE = YES;
				IPHONEOS_DEPLOYMENT_TARGET = 9.3;
				MTL_ENABLE_DEBUG_INFO = YES;
				ONLY_ACTIVE_ARCH = YES;
				SDKROOT = iphoneos;
				SWIFT_OPTIMIZATION_LEVEL = "-Onone";
				TARGETED_DEVICE_FAMILY = "1,2";
			};
			name = Debug;
		};
		C4BA9ECA1CC5FEB700127A19 /* Release */ = {
			isa = XCBuildConfiguration;
			buildSettings = {
				ALWAYS_SEARCH_USER_PATHS = NO;
				CLANG_ANALYZER_NONNULL = YES;
				CLANG_CXX_LANGUAGE_STANDARD = "gnu++0x";
				CLANG_CXX_LIBRARY = "libc++";
				CLANG_ENABLE_MODULES = YES;
				CLANG_ENABLE_OBJC_ARC = YES;
				CLANG_WARN_BOOL_CONVERSION = YES;
				CLANG_WARN_CONSTANT_CONVERSION = YES;
				CLANG_WARN_DIRECT_OBJC_ISA_USAGE = YES_ERROR;
				CLANG_WARN_EMPTY_BODY = YES;
				CLANG_WARN_ENUM_CONVERSION = YES;
				CLANG_WARN_INT_CONVERSION = YES;
				CLANG_WARN_OBJC_ROOT_CLASS = YES_ERROR;
				CLANG_WARN_UNREACHABLE_CODE = YES;
				CLANG_WARN__DUPLICATE_METHOD_MATCH = YES;
				"CODE_SIGN_IDENTITY[sdk=iphoneos*]" = "iPhone Developer";
				COPY_PHASE_STRIP = NO;
				DEBUG_INFORMATION_FORMAT = "dwarf-with-dsym";
				ENABLE_NS_ASSERTIONS = NO;
				ENABLE_STRICT_OBJC_MSGSEND = YES;
				GCC_C_LANGUAGE_STANDARD = gnu99;
				GCC_NO_COMMON_BLOCKS = YES;
				GCC_WARN_64_TO_32_BIT_CONVERSION = YES;
				GCC_WARN_ABOUT_RETURN_TYPE = YES_ERROR;
				GCC_WARN_UNDECLARED_SELECTOR = YES;
				GCC_WARN_UNINITIALIZED_AUTOS = YES_AGGRESSIVE;
				GCC_WARN_UNUSED_FUNCTION = YES;
				GCC_WARN_UNUSED_VARIABLE = YES;
				IPHONEOS_DEPLOYMENT_TARGET = 9.3;
				MTL_ENABLE_DEBUG_INFO = NO;
				SDKROOT = iphoneos;
				TARGETED_DEVICE_FAMILY = "1,2";
				VALIDATE_PRODUCT = YES;
			};
			name = Release;
		};
		C4BA9ECC1CC5FEB700127A19 /* Debug */ = {
			isa = XCBuildConfiguration;
			buildSettings = {
				ASSETCATALOG_COMPILER_APPICON_NAME = AppIcon;
				INFOPLIST_FILE = Demo1/Info.plist;
				LD_RUNPATH_SEARCH_PATHS = "$(inherited) @executable_path/Frameworks";
				PRODUCT_BUNDLE_IDENTIFIER = LR.Demo1;
				PRODUCT_NAME = "$(TARGET_NAME)";
			};
			name = Debug;
		};
		C4BA9ECD1CC5FEB700127A19 /* Release */ = {
			isa = XCBuildConfiguration;
			buildSettings = {
				ASSETCATALOG_COMPILER_APPICON_NAME = AppIcon;
				INFOPLIST_FILE = Demo1/Info.plist;
				LD_RUNPATH_SEARCH_PATHS = "$(inherited) @executable_path/Frameworks";
				PRODUCT_BUNDLE_IDENTIFIER = LR.Demo1;
				PRODUCT_NAME = "$(TARGET_NAME)";
			};
			name = Release;
		};
		C4BA9ECF1CC5FEB700127A19 /* Debug */ = {
			isa = XCBuildConfiguration;
			buildSettings = {
				BUNDLE_LOADER = "$(TEST_HOST)";
				INFOPLIST_FILE = Demo1Tests/Info.plist;
				LD_RUNPATH_SEARCH_PATHS = "$(inherited) @executable_path/Frameworks @loader_path/Frameworks";
				PRODUCT_BUNDLE_IDENTIFIER = LR.Demo1Tests;
				PRODUCT_NAME = "$(TARGET_NAME)";
				TEST_HOST = "$(BUILT_PRODUCTS_DIR)/Demo1.app/Demo1";
			};
			name = Debug;
		};
		C4BA9ED01CC5FEB700127A19 /* Release */ = {
			isa = XCBuildConfiguration;
			buildSettings = {
				BUNDLE_LOADER = "$(TEST_HOST)";
				INFOPLIST_FILE = Demo1Tests/Info.plist;
				LD_RUNPATH_SEARCH_PATHS = "$(inherited) @executable_path/Frameworks @loader_path/Frameworks";
				PRODUCT_BUNDLE_IDENTIFIER = LR.Demo1Tests;
				PRODUCT_NAME = "$(TARGET_NAME)";
				TEST_HOST = "$(BUILT_PRODUCTS_DIR)/Demo1.app/Demo1";
			};
			name = Release;
		};
		C4BA9ED21CC5FEB700127A19 /* Debug */ = {
			isa = XCBuildConfiguration;
			buildSettings = {
				INFOPLIST_FILE = Demo1UITests/Info.plist;
				LD_RUNPATH_SEARCH_PATHS = "$(inherited) @executable_path/Frameworks @loader_path/Frameworks";
				PRODUCT_BUNDLE_IDENTIFIER = LR.Demo1UITests;
				PRODUCT_NAME = "$(TARGET_NAME)";
				TEST_TARGET_NAME = Demo1;
			};
			name = Debug;
		};
		C4BA9ED31CC5FEB700127A19 /* Release */ = {
			isa = XCBuildConfiguration;
			buildSettings = {
				INFOPLIST_FILE = Demo1UITests/Info.plist;
				LD_RUNPATH_SEARCH_PATHS = "$(inherited) @executable_path/Frameworks @loader_path/Frameworks";
				PRODUCT_BUNDLE_IDENTIFIER = LR.Demo1UITests;
				PRODUCT_NAME = "$(TARGET_NAME)";
				TEST_TARGET_NAME = Demo1;
			};
			name = Release;
		};
/* End XCBuildConfiguration section */

/* Begin XCConfigurationList section */
		C4BA9E9E1CC5FEB700127A19 /* Build configuration list for PBXProject "Demo1" */ = {
			isa = XCConfigurationList;
			buildConfigurations = (
				C4BA9EC91CC5FEB700127A19 /* Debug */,
				C4BA9ECA1CC5FEB700127A19 /* Release */,
			);
			defaultConfigurationIsVisible = 0;
			defaultConfigurationName = Release;
		};
		C4BA9ECB1CC5FEB700127A19 /* Build configuration list for PBXNativeTarget "Demo1" */ = {
			isa = XCConfigurationList;
			buildConfigurations = (
				C4BA9ECC1CC5FEB700127A19 /* Debug */,
				C4BA9ECD1CC5FEB700127A19 /* Release */,
			);
			defaultConfigurationIsVisible = 0;
			defaultConfigurationName = Release;
		};
		C4BA9ECE1CC5FEB700127A19 /* Build configuration list for PBXNativeTarget "Demo1Tests" */ = {
			isa = XCConfigurationList;
			buildConfigurations = (
				C4BA9ECF1CC5FEB700127A19 /* Debug */,
				C4BA9ED01CC5FEB700127A19 /* Release */,
			);
			defaultConfigurationIsVisible = 0;
			defaultConfigurationName = Release;
		};
		C4BA9ED11CC5FEB700127A19 /* Build configuration list for PBXNativeTarget "Demo1UITests" */ = {
			isa = XCConfigurationList;
			buildConfigurations = (
				C4BA9ED21CC5FEB700127A19 /* Debug */,
				C4BA9ED31CC5FEB700127A19 /* Release */,
			);
			defaultConfigurationIsVisible = 0;
			defaultConfigurationName = Release;
		};
/* End XCConfigurationList section */
	};
	rootObject = C4BA9E9B1CC5FEB700127A19 /* Project object */;
}
