// !$*UTF8*$!
{
	archiveVersion = 1;
	classes = {
	};
	objectVersion = 46;
	objects = {

/* Begin PBXBuildFile section */
		C4BA9EEA1CC641E800127A19 /* AppDelegate.swift in Sources */ = {isa = PBXBuildFile; fileRef = C4BA9EE91CC641E800127A19 /* AppDelegate.swift */; };
		C4BA9EEF1CC641E800127A19 /* Main.storyboard in Resources */ = {isa = PBXBuildFile; fileRef = C4BA9EED1CC641E800127A19 /* Main.storyboard */; };
		C4BA9EF11CC641E800127A19 /* Assets.xcassets in Resources */ = {isa = PBXBuildFile; fileRef = C4BA9EF01CC641E800127A19 /* Assets.xcassets */; };
		C4BA9EF41CC641E800127A19 /* LaunchScreen.storyboard in Resources */ = {isa = PBXBuildFile; fileRef = C4BA9EF21CC641E800127A19 /* LaunchScreen.storyboard */; };
		C4BA9EFF1CC641E800127A19 /* Demo2Tests.swift in Sources */ = {isa = PBXBuildFile; fileRef = C4BA9EFE1CC641E800127A19 /* Demo2Tests.swift */; };
		C4BA9F0A1CC641E800127A19 /* Demo2UITests.swift in Sources */ = {isa = PBXBuildFile; fileRef = C4BA9F091CC641E800127A19 /* Demo2UITests.swift */; };
		C4BA9F181CC641FE00127A19 /* ViewController.swift in Sources */ = {isa = PBXBuildFile; fileRef = C4BA9F171CC641FE00127A19 /* ViewController.swift */; };
		C4BA9F1A1CC6424000127A19 /* 1.png in Resources */ = {isa = PBXBuildFile; fileRef = C4BA9F191CC6424000127A19 /* 1.png */; };
/* End PBXBuildFile section */

/* Begin PBXContainerItemProxy section */
		C4BA9EFB1CC641E800127A19 /* PBXContainerItemProxy */ = {
			isa = PBXContainerItemProxy;
			containerPortal = C4BA9EDE1CC641E800127A19 /* Project object */;
			proxyType = 1;
			remoteGlobalIDString = C4BA9EE51CC641E800127A19;
			remoteInfo = Demo2;
		};
		C4BA9F061CC641E800127A19 /* PBXContainerItemProxy */ = {
			isa = PBXContainerItemProxy;
			containerPortal = C4BA9EDE1CC641E800127A19 /* Project object */;
			proxyType = 1;
			remoteGlobalIDString = C4BA9EE51CC641E800127A19;
			remoteInfo = Demo2;
		};
/* End PBXContainerItemProxy section */

/* Begin PBXFileReference section */
		C4BA9EE61CC641E800127A19 /* Demo2.app */ = {isa = PBXFileReference; explicitFileType = wrapper.application; includeInIndex = 0; path = Demo2.app; sourceTree = BUILT_PRODUCTS_DIR; };
		C4BA9EE91CC641E800127A19 /* AppDelegate.swift */ = {isa = PBXFileReference; lastKnownFileType = sourcecode.swift; path = AppDelegate.swift; sourceTree = "<group>"; };
		C4BA9EEE1CC641E800127A19 /* Base */ = {isa = PBXFileReference; lastKnownFileType = file.storyboard; name = Base; path = Base.lproj/Main.storyboard; sourceTree = "<group>"; };
		C4BA9EF01CC641E800127A19 /* Assets.xcassets */ = {isa = PBXFileReference; lastKnownFileType = folder.assetcatalog; path = Assets.xcassets; sourceTree = "<group>"; };
		C4BA9EF31CC641E800127A19 /* Base */ = {isa = PBXFileReference; lastKnownFileType = file.storyboard; name = Base; path = Base.lproj/LaunchScreen.storyboard; sourceTree = "<group>"; };
		C4BA9EF51CC641E800127A19 /* Info.plist */ = {isa = PBXFileReference; lastKnownFileType = text.plist.xml; path = Info.plist; sourceTree = "<group>"; };
		C4BA9EFA1CC641E800127A19 /* Demo2Tests.xctest */ = {isa = PBXFileReference; explicitFileType = wrapper.cfbundle; includeInIndex = 0; path = Demo2Tests.xctest; sourceTree = BUILT_PRODUCTS_DIR; };
		C4BA9EFE1CC641E800127A19 /* Demo2Tests.swift */ = {isa = PBXFileReference; lastKnownFileType = sourcecode.swift; path = Demo2Tests.swift; sourceTree = "<group>"; };
		C4BA9F001CC641E800127A19 /* Info.plist */ = {isa = PBXFileReference; lastKnownFileType = text.plist.xml; path = Info.plist; sourceTree = "<group>"; };
		C4BA9F051CC641E800127A19 /* Demo2UITests.xctest */ = {isa = PBXFileReference; explicitFileType = wrapper.cfbundle; includeInIndex = 0; path = Demo2UITests.xctest; sourceTree = BUILT_PRODUCTS_DIR; };
		C4BA9F091CC641E800127A19 /* Demo2UITests.swift */ = {isa = PBXFileReference; lastKnownFileType = sourcecode.swift; path = Demo2UITests.swift; sourceTree = "<group>"; };
		C4BA9F0B1CC641E800127A19 /* Info.plist */ = {isa = PBXFileReference; lastKnownFileType = text.plist.xml; path = Info.plist; sourceTree = "<group>"; };
		C4BA9F171CC641FE00127A19 /* ViewController.swift */ = {isa = PBXFileReference; fileEncoding = 4; lastKnownFileType = sourcecode.swift; path = ViewController.swift; sourceTree = "<group>"; };
		C4BA9F191CC6424000127A19 /* 1.png */ = {isa = PBXFileReference; lastKnownFileType = image.png; name = 1.png; path = image/1.png; sourceTree = SOURCE_ROOT; };
/* End PBXFileReference section */

/* Begin PBXFrameworksBuildPhase section */
		C4BA9EE31CC641E800127A19 /* Frameworks */ = {
			isa = PBXFrameworksBuildPhase;
			buildActionMask = 2147483647;
			files = (
			);
			runOnlyForDeploymentPostprocessing = 0;
		};
		C4BA9EF71CC641E800127A19 /* Frameworks */ = {
			isa = PBXFrameworksBuildPhase;
			buildActionMask = 2147483647;
			files = (
			);
			runOnlyForDeploymentPostprocessing = 0;
		};
		C4BA9F021CC641E800127A19 /* Frameworks */ = {
			isa = PBXFrameworksBuildPhase;
			buildActionMask = 2147483647;
			files = (
			);
			runOnlyForDeploymentPostprocessing = 0;
		};
/* End PBXFrameworksBuildPhase section */

/* Begin PBXGroup section */
		C4BA9EDD1CC641E800127A19 = {
			isa = PBXGroup;
			children = (
				C4BA9EE81CC641E800127A19 /* Demo2 */,
				C4BA9EFD1CC641E800127A19 /* Demo2Tests */,
				C4BA9F081CC641E800127A19 /* Demo2UITests */,
				C4BA9EE71CC641E800127A19 /* Products */,
			);
			sourceTree = "<group>";
		};
		C4BA9EE71CC641E800127A19 /* Products */ = {
			isa = PBXGroup;
			children = (
				C4BA9EE61CC641E800127A19 /* Demo2.app */,
				C4BA9EFA1CC641E800127A19 /* Demo2Tests.xctest */,
				C4BA9F051CC641E800127A19 /* Demo2UITests.xctest */,
			);
			name = Products;
			sourceTree = "<group>";
		};
		C4BA9EE81CC641E800127A19 /* Demo2 */ = {
			isa = PBXGroup;
			children = (
				C4BA9F191CC6424000127A19 /* 1.png */,
				C4BA9EE91CC641E800127A19 /* AppDelegate.swift */,
				C4BA9F171CC641FE00127A19 /* ViewController.swift */,
				C4BA9EED1CC641E800127A19 /* Main.storyboard */,
				C4BA9EF01CC641E800127A19 /* Assets.xcassets */,
				C4BA9EF21CC641E800127A19 /* LaunchScreen.storyboard */,
				C4BA9EF51CC641E800127A19 /* Info.plist */,
			);
			path = Demo2;
			sourceTree = "<group>";
		};
		C4BA9EFD1CC641E800127A19 /* Demo2Tests */ = {
			isa = PBXGroup;
			children = (
				C4BA9EFE1CC641E800127A19 /* Demo2Tests.swift */,
				C4BA9F001CC641E800127A19 /* Info.plist */,
			);
			path = Demo2Tests;
			sourceTree = "<group>";
		};
		C4BA9F081CC641E800127A19 /* Demo2UITests */ = {
			isa = PBXGroup;
			children = (
				C4BA9F091CC641E800127A19 /* Demo2UITests.swift */,
				C4BA9F0B1CC641E800127A19 /* Info.plist */,
			);
			path = Demo2UITests;
			sourceTree = "<group>";
		};
/* End PBXGroup section */

/* Begin PBXNativeTarget section */
		C4BA9EE51CC641E800127A19 /* Demo2 */ = {
			isa = PBXNativeTarget;
			buildConfigurationList = C4BA9F0E1CC641E800127A19 /* Build configuration list for PBXNativeTarget "Demo2" */;
			buildPhases = (
				C4BA9EE21CC641E800127A19 /* Sources */,
				C4BA9EE31CC641E800127A19 /* Frameworks */,
				C4BA9EE41CC641E800127A19 /* Resources */,
			);
			buildRules = (
			);
			dependencies = (
			);
			name = Demo2;
			productName = Demo2;
			productReference = C4BA9EE61CC641E800127A19 /* Demo2.app */;
			productType = "com.apple.product-type.application";
		};
		C4BA9EF91CC641E800127A19 /* Demo2Tests */ = {
			isa = PBXNativeTarget;
			buildConfigurationList = C4BA9F111CC641E800127A19 /* Build configuration list for PBXNativeTarget "Demo2Tests" */;
			buildPhases = (
				C4BA9EF61CC641E800127A19 /* Sources */,
				C4BA9EF71CC641E800127A19 /* Frameworks */,
				C4BA9EF81CC641E800127A19 /* Resources */,
			);
			buildRules = (
			);
			dependencies = (
				C4BA9EFC1CC641E800127A19 /* PBXTargetDependency */,
			);
			name = Demo2Tests;
			productName = Demo2Tests;
			productReference = C4BA9EFA1CC641E800127A19 /* Demo2Tests.xctest */;
			productType = "com.apple.product-type.bundle.unit-test";
		};
		C4BA9F041CC641E800127A19 /* Demo2UITests */ = {
			isa = PBXNativeTarget;
			buildConfigurationList = C4BA9F141CC641E800127A19 /* Build configuration list for PBXNativeTarget "Demo2UITests" */;
			buildPhases = (
				C4BA9F011CC641E800127A19 /* Sources */,
				C4BA9F021CC641E800127A19 /* Frameworks */,
				C4BA9F031CC641E800127A19 /* Resources */,
			);
			buildRules = (
			);
			dependencies = (
				C4BA9F071CC641E800127A19 /* PBXTargetDependency */,
			);
			name = Demo2UITests;
			productName = Demo2UITests;
			productReference = C4BA9F051CC641E800127A19 /* Demo2UITests.xctest */;
			productType = "com.apple.product-type.bundle.ui-testing";
		};
/* End PBXNativeTarget section */

/* Begin PBXProject section */
		C4BA9EDE1CC641E800127A19 /* Project object */ = {
			isa = PBXProject;
			attributes = {
				LastSwiftUpdateCheck = 0730;
				LastUpgradeCheck = 0730;
				ORGANIZATIONNAME = lirui;
				TargetAttributes = {
					C4BA9EE51CC641E800127A19 = {
						CreatedOnToolsVersion = 7.3;
						DevelopmentTeam = 4ERNHDBJN5;
					};
					C4BA9EF91CC641E800127A19 = {
						CreatedOnToolsVersion = 7.3;
						DevelopmentTeam = 4ERNHDBJN5;
						TestTargetID = C4BA9EE51CC641E800127A19;
					};
					C4BA9F041CC641E800127A19 = {
						CreatedOnToolsVersion = 7.3;
						DevelopmentTeam = 4ERNHDBJN5;
						TestTargetID = C4BA9EE51CC641E800127A19;
					};
				};
			};
			buildConfigurationList = C4BA9EE11CC641E800127A19 /* Build configuration list for PBXProject "Demo2" */;
			compatibilityVersion = "Xcode 3.2";
			developmentRegion = English;
			hasScannedForEncodings = 0;
			knownRegions = (
				en,
				Base,
			);
			mainGroup = C4BA9EDD1CC641E800127A19;
			productRefGroup = C4BA9EE71CC641E800127A19 /* Products */;
			projectDirPath = "";
			projectRoot = "";
			targets = (
				C4BA9EE51CC641E800127A19 /* Demo2 */,
				C4BA9EF91CC641E800127A19 /* Demo2Tests */,
				C4BA9F041CC641E800127A19 /* Demo2UITests */,
			);
		};
/* End PBXProject section */

/* Begin PBXResourcesBuildPhase section */
		C4BA9EE41CC641E800127A19 /* Resources */ = {
			isa = PBXResourcesBuildPhase;
			buildActionMask = 2147483647;
			files = (
				C4BA9EF41CC641E800127A19 /* LaunchScreen.storyboard in Resources */,
				C4BA9F1A1CC6424000127A19 /* 1.png in Resources */,
				C4BA9EF11CC641E800127A19 /* Assets.xcassets in Resources */,
				C4BA9EEF1CC641E800127A19 /* Main.storyboard in Resources */,
			);
			runOnlyForDeploymentPostprocessing = 0;
		};
		C4BA9EF81CC641E800127A19 /* Resources */ = {
			isa = PBXResourcesBuildPhase;
			buildActionMask = 2147483647;
			files = (
			);
			runOnlyForDeploymentPostprocessing = 0;
		};
		C4BA9F031CC641E800127A19 /* Resources */ = {
			isa = PBXResourcesBuildPhase;
			buildActionMask = 2147483647;
			files = (
			);
			runOnlyForDeploymentPostprocessing = 0;
		};
/* End PBXResourcesBuildPhase section */

/* Begin PBXSourcesBuildPhase section */
		C4BA9EE21CC641E800127A19 /* Sources */ = {
			isa = PBXSourcesBuildPhase;
			buildActionMask = 2147483647;
			files = (
				C4BA9F181CC641FE00127A19 /* ViewController.swift in Sources */,
				C4BA9EEA1CC641E800127A19 /* AppDelegate.swift in Sources */,
			);
			runOnlyForDeploymentPostprocessing = 0;
		};
		C4BA9EF61CC641E800127A19 /* Sources */ = {
			isa = PBXSourcesBuildPhase;
			buildActionMask = 2147483647;
			files = (
				C4BA9EFF1CC641E800127A19 /* Demo2Tests.swift in Sources */,
			);
			runOnlyForDeploymentPostprocessing = 0;
		};
		C4BA9F011CC641E800127A19 /* Sources */ = {
			isa = PBXSourcesBuildPhase;
			buildActionMask = 2147483647;
			files = (
				C4BA9F0A1CC641E800127A19 /* Demo2UITests.swift in Sources */,
			);
			runOnlyForDeploymentPostprocessing = 0;
		};
/* End PBXSourcesBuildPhase section */

/* Begin PBXTargetDependency section */
		C4BA9EFC1CC641E800127A19 /* PBXTargetDependency */ = {
			isa = PBXTargetDependency;
			target = C4BA9EE51CC641E800127A19 /* Demo2 */;
			targetProxy = C4BA9EFB1CC641E800127A19 /* PBXContainerItemProxy */;
		};
		C4BA9F071CC641E800127A19 /* PBXTargetDependency */ = {
			isa = PBXTargetDependency;
			target = C4BA9EE51CC641E800127A19 /* Demo2 */;
			targetProxy = C4BA9F061CC641E800127A19 /* PBXContainerItemProxy */;
		};
/* End PBXTargetDependency section */

/* Begin PBXVariantGroup section */
		C4BA9EED1CC641E800127A19 /* Main.storyboard */ = {
			isa = PBXVariantGroup;
			children = (
				C4BA9EEE1CC641E800127A19 /* Base */,
			);
			name = Main.storyboard;
			sourceTree = "<group>";
		};
		C4BA9EF21CC641E800127A19 /* LaunchScreen.storyboard */ = {
			isa = PBXVariantGroup;
			children = (
				C4BA9EF31CC641E800127A19 /* Base */,
			);
			name = LaunchScreen.storyboard;
			sourceTree = "<group>";
		};
/* End PBXVariantGroup section */

/* Begin XCBuildConfiguration section */
		C4BA9F0C1CC641E800127A19 /* Debug */ = {
			isa = XCBuildConfiguration;
			buildSettings = {
				ALWAYS_SEARCH_USER_PATHS = NO;
				CLANG_ANALYZER_NONNULL = YES;
				CLANG_CXX_LANGUAGE_STANDARD = "gnu++0x";
				CLANG_CXX_LIBRARY = "libc++";
				CLANG_ENABLE_MODULES = YES;
				CLANG_ENABLE_OBJC_ARC = YES;
				CLANG_WARN_BOOL_CONVERSION = YES;
				CLANG_WARN_CONSTANT_CONVERSION = YES;
				CLANG_WARN_DIRECT_OBJC_ISA_USAGE = YES_ERROR;
				CLANG_WARN_EMPTY_BODY = YES;
				CLANG_WARN_ENUM_CONVERSION = YES;
				CLANG_WARN_INT_CONVERSION = YES;
				CLANG_WARN_OBJC_ROOT_CLASS = YES_ERROR;
				CLANG_WARN_UNREACHABLE_CODE = YES;
				CLANG_WARN__DUPLICATE_METHOD_MATCH = YES;
				"CODE_SIGN_IDENTITY[sdk=iphoneos*]" = "iPhone Developer";
				COPY_PHASE_STRIP = NO;
				DEBUG_INFORMATION_FORMAT = dwarf;
				ENABLE_STRICT_OBJC_MSGSEND = YES;
				ENABLE_TESTABILITY = YES;
				GCC_C_LANGUAGE_STANDARD = gnu99;
				GCC_DYNAMIC_NO_PIC = NO;
				GCC_NO_COMMON_BLOCKS = YES;
				GCC_OPTIMIZATION_LEVEL = 0;
				GCC_PREPROCESSOR_DEFINITIONS = (
					"DEBUG=1",
					"$(inherited)",
				);
				GCC_WARN_64_TO_32_BIT_CONVERSION = YES;
				GCC_WARN_ABOUT_RETURN_TYPE = YES_ERROR;
				GCC_WARN_UNDECLARED_SELECTOR = YES;
				GCC_WARN_UNINITIALIZED_AUTOS = YES_AGGRESSIVE;
				GCC_WARN_UNUSED_FUNCTION = YES;
				GCC_WARN_UNUSED_VARIABLE = YES;
				IPHONEOS_DEPLOYMENT_TARGET = 9.3;
				MTL_ENABLE_DEBUG_INFO = YES;
				ONLY_ACTIVE_ARCH = YES;
				SDKROOT = iphoneos;
				SWIFT_OPTIMIZATION_LEVEL = "-Onone";
				TARGETED_DEVICE_FAMILY = "1,2";
			};
			name = Debug;
		};
		C4BA9F0D1CC641E800127A19 /* Release */ = {
			isa = XCBuildConfiguration;
			buildSettings = {
				ALWAYS_SEARCH_USER_PATHS = NO;
				CLANG_ANALYZER_NONNULL = YES;
				CLANG_CXX_LANGUAGE_STANDARD = "gnu++0x";
				CLANG_CXX_LIBRARY = "libc++";
				CLANG_ENABLE_MODULES = YES;
				CLANG_ENABLE_OBJC_ARC = YES;
				CLANG_WARN_BOOL_CONVERSION = YES;
				CLANG_WARN_CONSTANT_CONVERSION = YES;
				CLANG_WARN_DIRECT_OBJC_ISA_USAGE = YES_ERROR;
				CLANG_WARN_EMPTY_BODY = YES;
				CLANG_WARN_ENUM_CONVERSION = YES;
				CLANG_WARN_INT_CONVERSION = YES;
				CLANG_WARN_OBJC_ROOT_CLASS = YES_ERROR;
				CLANG_WARN_UNREACHABLE_CODE = YES;
				CLANG_WARN__DUPLICATE_METHOD_MATCH = YES;
				"CODE_SIGN_IDENTITY[sdk=iphoneos*]" = "iPhone Developer";
				COPY_PHASE_STRIP = NO;
				DEBUG_INFORMATION_FORMAT = "dwarf-with-dsym";
				ENABLE_NS_ASSERTIONS = NO;
				ENABLE_STRICT_OBJC_MSGSEND = YES;
				GCC_C_LANGUAGE_STANDARD = gnu99;
				GCC_NO_COMMON_BLOCKS = YES;
				GCC_WARN_64_TO_32_BIT_CONVERSION = YES;
				GCC_WARN_ABOUT_RETURN_TYPE = YES_ERROR;
				GCC_WARN_UNDECLARED_SELECTOR = YES;
				GCC_WARN_UNINITIALIZED_AUTOS = YES_AGGRESSIVE;
				GCC_WARN_UNUSED_FUNCTION = YES;
				GCC_WARN_UNUSED_VARIABLE = YES;
				IPHONEOS_DEPLOYMENT_TARGET = 9.3;
				MTL_ENABLE_DEBUG_INFO = NO;
				SDKROOT = iphoneos;
				TARGETED_DEVICE_FAMILY = "1,2";
				VALIDATE_PRODUCT = YES;
			};
			name = Release;
		};
		C4BA9F0F1CC641E800127A19 /* Debug */ = {
			isa = XCBuildConfiguration;
			buildSettings = {
				ASSETCATALOG_COMPILER_APPICON_NAME = AppIcon;
				INFOPLIST_FILE = Demo2/Info.plist;
				LD_RUNPATH_SEARCH_PATHS = "$(inherited) @executable_path/Frameworks";
				PRODUCT_BUNDLE_IDENTIFIER = LR.Demo2;
				PRODUCT_NAME = "$(TARGET_NAME)";
			};
			name = Debug;
		};
		C4BA9F101CC641E800127A19 /* Release */ = {
			isa = XCBuildConfiguration;
			buildSettings = {
				ASSETCATALOG_COMPILER_APPICON_NAME = AppIcon;
				INFOPLIST_FILE = Demo2/Info.plist;
				LD_RUNPATH_SEARCH_PATHS = "$(inherited) @executable_path/Frameworks";
				PRODUCT_BUNDLE_IDENTIFIER = LR.Demo2;
				PRODUCT_NAME = "$(TARGET_NAME)";
			};
			name = Release;
		};
		C4BA9F121CC641E800127A19 /* Debug */ = {
			isa = XCBuildConfiguration;
			buildSettings = {
				BUNDLE_LOADER = "$(TEST_HOST)";
				INFOPLIST_FILE = Demo2Tests/Info.plist;
				LD_RUNPATH_SEARCH_PATHS = "$(inherited) @executable_path/Frameworks @loader_path/Frameworks";
				PRODUCT_BUNDLE_IDENTIFIER = LR.Demo2Tests;
				PRODUCT_NAME = "$(TARGET_NAME)";
				TEST_HOST = "$(BUILT_PRODUCTS_DIR)/Demo2.app/Demo2";
			};
			name = Debug;
		};
		C4BA9F131CC641E800127A19 /* Release */ = {
			isa = XCBuildConfiguration;
			buildSettings = {
				BUNDLE_LOADER = "$(TEST_HOST)";
				INFOPLIST_FILE = Demo2Tests/Info.plist;
				LD_RUNPATH_SEARCH_PATHS = "$(inherited) @executable_path/Frameworks @loader_path/Frameworks";
				PRODUCT_BUNDLE_IDENTIFIER = LR.Demo2Tests;
				PRODUCT_NAME = "$(TARGET_NAME)";
				TEST_HOST = "$(BUILT_PRODUCTS_DIR)/Demo2.app/Demo2";
			};
			name = Release;
		};
		C4BA9F151CC641E800127A19 /* Debug */ = {
			isa = XCBuildConfiguration;
			buildSettings = {
				INFOPLIST_FILE = Demo2UITests/Info.plist;
				LD_RUNPATH_SEARCH_PATHS = "$(inherited) @executable_path/Frameworks @loader_path/Frameworks";
				PRODUCT_BUNDLE_IDENTIFIER = LR.Demo2UITests;
				PRODUCT_NAME = "$(TARGET_NAME)";
				TEST_TARGET_NAME = Demo2;
			};
			name = Debug;
		};
		C4BA9F161CC641E800127A19 /* Release */ = {
			isa = XCBuildConfiguration;
			buildSettings = {
				INFOPLIST_FILE = Demo2UITests/Info.plist;
				LD_RUNPATH_SEARCH_PATHS = "$(inherited) @executable_path/Frameworks @loader_path/Frameworks";
				PRODUCT_BUNDLE_IDENTIFIER = LR.Demo2UITests;
				PRODUCT_NAME = "$(TARGET_NAME)";
				TEST_TARGET_NAME = Demo2;
			};
			name = Release;
		};
/* End XCBuildConfiguration section */

/* Begin XCConfigurationList section */
		C4BA9EE11CC641E800127A19 /* Build configuration list for PBXProject "Demo2" */ = {
			isa = XCConfigurationList;
			buildConfigurations = (
				C4BA9F0C1CC641E800127A19 /* Debug */,
				C4BA9F0D1CC641E800127A19 /* Release */,
			);
			defaultConfigurationIsVisible = 0;
			defaultConfigurationName = Release;
		};
		C4BA9F0E1CC641E800127A19 /* Build configuration list for PBXNativeTarget "Demo2" */ = {
			isa = XCConfigurationList;
			buildConfigurations = (
				C4BA9F0F1CC641E800127A19 /* Debug */,
				C4BA9F101CC641E800127A19 /* Release */,
			);
			defaultConfigurationIsVisible = 0;
		};
		C4BA9F111CC641E800127A19 /* Build configuration list for PBXNativeTarget "Demo2Tests" */ = {
			isa = XCConfigurationList;
			buildConfigurations = (
				C4BA9F121CC641E800127A19 /* Debug */,
				C4BA9F131CC641E800127A19 /* Release */,
			);
			defaultConfigurationIsVisible = 0;
		};
		C4BA9F141CC641E800127A19 /* Build configuration list for PBXNativeTarget "Demo2UITests" */ = {
			isa = XCConfigurationList;
			buildConfigurations = (
				C4BA9F151CC641E800127A19 /* Debug */,
				C4BA9F161CC641E800127A19 /* Release */,
			);
			defaultConfigurationIsVisible = 0;
		};
/* End XCConfigurationList section */
	};
	rootObject = C4BA9EDE1CC641E800127A19 /* Project object */;
}
